
Microsoft Visual Studio Solution File, Format Version 12.00
# Visual Studio Version 17
VisualStudioVersion = 17.4.33205.214
MinimumVisualStudioVersion = 10.0.40219.1
Project("{9A19103F-16F7-4668-BE54-9A1E7A4F7556}") = "BlackDigital", "BlackDigital\BlackDigital.csproj", "{690134DE-72F5-440F-BB6A-CA9317C65571}"
EndProject
Project("{FAE04EC0-301F-11D3-BF4B-00C04F79EFBC}") = "BlackDigital.Test", "BlackDigital.Test\BlackDigital.Test.csproj", "{EBDEF7AF-88B8-4AB2-9CFD-CC72652CF9AA}"
EndProject
Global
	GlobalSection(SolutionConfigurationPlatforms) = preSolution
		Debug|Any CPU = Debug|Any CPU
		Release|Any CPU = Release|Any CPU
	EndGlobalSection
	GlobalSection(ProjectConfigurationPlatforms) = postSolution
		{690134DE-72F5-440F-BB6A-CA9317C65571}.Debug|Any CPU.ActiveCfg = Debug|Any CPU
		{690134DE-72F5-440F-BB6A-CA9317C65571}.Debug|Any CPU.Build.0 = Debug|Any CPU
		{690134DE-72F5-440F-BB6A-CA9317C65571}.Release|Any CPU.ActiveCfg = Release|Any CPU
		{690134DE-72F5-440F-BB6A-CA9317C65571}.Release|Any CPU.Build.0 = Release|Any CPU
		{EBDEF7AF-88B8-4AB2-9CFD-CC72652CF9AA}.Debug|Any CPU.ActiveCfg = Debug|Any CPU
		{EBDEF7AF-88B8-4AB2-9CFD-CC72652CF9AA}.Debug|Any CPU.Build.0 = Debug|Any CPU
		{EBDEF7AF-88B8-4AB2-9CFD-CC72652CF9AA}.Release|Any CPU.ActiveCfg = Release|Any CPU
		{EBDEF7AF-88B8-4AB2-9CFD-CC72652CF9AA}.Release|Any CPU.Build.0 = Release|Any CPU
	EndGlobalSection
	GlobalSection(SolutionProperties) = preSolution
		HideSolutionNode = FALSE
	EndGlobalSection
	GlobalSection(ExtensibilityGlobals) = postSolution
		SolutionGuid = {7708E449-320E-4D79-876A-E87F8F5171D3}
	EndGlobalSection
EndGlobal
